
Microsoft Visual Studio Solution File, Format Version 12.00
# Visual Studio Version 17
VisualStudioVersion = 17.8.34511.84
MinimumVisualStudioVersion = 10.0.40219.1
Project("{9A19103F-16F7-4668-BE54-9A1E7A4F7556}") = "group_web_application_security", "group_web_application_security.csproj", "{6C6D8CEB-B90A-4F92-AFED-5018FF61CEC2}"
EndProject
Global
	GlobalSection(SolutionConfigurationPlatforms) = preSolution
		Debug|Any CPU = Debug|Any CPU
		Release|Any CPU = Release|Any CPU
	EndGlobalSection
	GlobalSection(ProjectConfigurationPlatforms) = postSolution
		{6C6D8CEB-B90A-4F92-AFED-5018FF61CEC2}.Debug|Any CPU.ActiveCfg = Debug|Any CPU
		{6C6D8CEB-B90A-4F92-AFED-5018FF61CEC2}.Debug|Any CPU.Build.0 = Debug|Any CPU
		{6C6D8CEB-B90A-4F92-AFED-5018FF61CEC2}.Release|Any CPU.ActiveCfg = Release|Any CPU
		{6C6D8CEB-B90A-4F92-AFED-5018FF61CEC2}.Release|Any CPU.Build.0 = Release|Any CPU
	EndGlobalSection
	GlobalSection(SolutionProperties) = preSolution
		HideSolutionNode = FALSE
	EndGlobalSection
	GlobalSection(ExtensibilityGlobals) = postSolution
		SolutionGuid = {5DC53F9F-F69E-43B7-B6D5-BA8A4679F3A1}
	EndGlobalSection
EndGlobal
